
Microsoft Visual Studio Solution File, Format Version 12.00
# Visual Studio Version 16
VisualStudioVersion = 16.0.31424.327
MinimumVisualStudioVersion = 10.0.40219.1
Project("{FAE04EC0-301F-11D3-BF4B-00C04F79EFBC}") = "MassWaypointEdit", "MassWaypointEdit.csproj", "{DB06ED37-01CA-40C5-9137-7E12C8C7AC30}"
EndProject
Global
	GlobalSection(SolutionConfigurationPlatforms) = preSolution
		Debug|Any CPU = Debug|Any CPU
		Release|Any CPU = Release|Any CPU
	EndGlobalSection
	GlobalSection(ProjectConfigurationPlatforms) = postSolution
		{DB06ED37-01CA-40C5-9137-7E12C8C7AC30}.Debug|Any CPU.ActiveCfg = Debug|Any CPU
		{DB06ED37-01CA-40C5-9137-7E12C8C7AC30}.Debug|Any CPU.Build.0 = Debug|Any CPU
		{DB06ED37-01CA-40C5-9137-7E12C8C7AC30}.Release|Any CPU.ActiveCfg = Release|Any CPU
		{DB06ED37-01CA-40C5-9137-7E12C8C7AC30}.Release|Any CPU.Build.0 = Release|Any CPU
	EndGlobalSection
	GlobalSection(SolutionProperties) = preSolution
		HideSolutionNode = FALSE
	EndGlobalSection
	GlobalSection(ExtensibilityGlobals) = postSolution
		SolutionGuid = {A207E477-E35E-42D9-AD97-B0DF4DB69806}
	EndGlobalSection
EndGlobal
